
Microsoft Visual Studio Solution File, Format Version 12.00
# Visual Studio Version 17
VisualStudioVersion = 17.2.32516.85
MinimumVisualStudioVersion = 10.0.40219.1
Project("{FAE04EC0-301F-11D3-BF4B-00C04F79EFBC}") = "Web", "Web\Web.csproj", "{9F0F1318-FE4A-4873-8287-31A1BFE17B95}"
EndProject
Project("{FAE04EC0-301F-11D3-BF4B-00C04F79EFBC}") = "Business", "Business\Business.csproj", "{F3DD6CA4-DFD3-4646-9F81-28E73468883D}"
EndProject
Project("{FAE04EC0-301F-11D3-BF4B-00C04F79EFBC}") = "Repository", "Repository\Repository.csproj", "{6DC8C248-7FDE-46DE-B108-52488C51BB6D}"
EndProject
Project("{FAE04EC0-301F-11D3-BF4B-00C04F79EFBC}") = "Entities", "Entities\Entities.csproj", "{90898629-EF65-4C3E-8A4A-38CB34BD00BA}"
EndProject
Global
	GlobalSection(SolutionConfigurationPlatforms) = preSolution
		Debug|Any CPU = Debug|Any CPU
		Release|Any CPU = Release|Any CPU
	EndGlobalSection
	GlobalSection(ProjectConfigurationPlatforms) = postSolution
		{9F0F1318-FE4A-4873-8287-31A1BFE17B95}.Debug|Any CPU.ActiveCfg = Debug|Any CPU
		{9F0F1318-FE4A-4873-8287-31A1BFE17B95}.Debug|Any CPU.Build.0 = Debug|Any CPU
		{9F0F1318-FE4A-4873-8287-31A1BFE17B95}.Release|Any CPU.ActiveCfg = Release|Any CPU
		{9F0F1318-FE4A-4873-8287-31A1BFE17B95}.Release|Any CPU.Build.0 = Release|Any CPU
		{F3DD6CA4-DFD3-4646-9F81-28E73468883D}.Debug|Any CPU.ActiveCfg = Debug|Any CPU
		{F3DD6CA4-DFD3-4646-9F81-28E73468883D}.Debug|Any CPU.Build.0 = Debug|Any CPU
		{F3DD6CA4-DFD3-4646-9F81-28E73468883D}.Release|Any CPU.ActiveCfg = Release|Any CPU
		{F3DD6CA4-DFD3-4646-9F81-28E73468883D}.Release|Any CPU.Build.0 = Release|Any CPU
		{6DC8C248-7FDE-46DE-B108-52488C51BB6D}.Debug|Any CPU.ActiveCfg = Debug|Any CPU
		{6DC8C248-7FDE-46DE-B108-52488C51BB6D}.Debug|Any CPU.Build.0 = Debug|Any CPU
		{6DC8C248-7FDE-46DE-B108-52488C51BB6D}.Release|Any CPU.ActiveCfg = Release|Any CPU
		{6DC8C248-7FDE-46DE-B108-52488C51BB6D}.Release|Any CPU.Build.0 = Release|Any CPU
		{90898629-EF65-4C3E-8A4A-38CB34BD00BA}.Debug|Any CPU.ActiveCfg = Debug|Any CPU
		{90898629-EF65-4C3E-8A4A-38CB34BD00BA}.Debug|Any CPU.Build.0 = Debug|Any CPU
		{90898629-EF65-4C3E-8A4A-38CB34BD00BA}.Release|Any CPU.ActiveCfg = Release|Any CPU
		{90898629-EF65-4C3E-8A4A-38CB34BD00BA}.Release|Any CPU.Build.0 = Release|Any CPU
	EndGlobalSection
	GlobalSection(SolutionProperties) = preSolution
		HideSolutionNode = FALSE
	EndGlobalSection
	GlobalSection(ExtensibilityGlobals) = postSolution
		SolutionGuid = {B524FA9F-7C0B-4578-A82A-4568290B56D8}
	EndGlobalSection
EndGlobal
